
Microsoft Visual Studio Solution File, Format Version 12.00
# Visual Studio Version 16
VisualStudioVersion = 16.0.32002.261
MinimumVisualStudioVersion = 10.0.40219.1
Project("{FAE04EC0-301F-11D3-BF4B-00C04F79EFBC}") = "InterfaceAbstractDemo", "InterfaceAbstractDemo.csproj", "{1A5CAD71-424E-4A71-8BBA-E9EBA93F2C1F}"
EndProject
Global
	GlobalSection(SolutionConfigurationPlatforms) = preSolution
		Debug|Any CPU = Debug|Any CPU
		Release|Any CPU = Release|Any CPU
	EndGlobalSection
	GlobalSection(ProjectConfigurationPlatforms) = postSolution
		{1A5CAD71-424E-4A71-8BBA-E9EBA93F2C1F}.Debug|Any CPU.ActiveCfg = Debug|Any CPU
		{1A5CAD71-424E-4A71-8BBA-E9EBA93F2C1F}.Debug|Any CPU.Build.0 = Debug|Any CPU
		{1A5CAD71-424E-4A71-8BBA-E9EBA93F2C1F}.Release|Any CPU.ActiveCfg = Release|Any CPU
		{1A5CAD71-424E-4A71-8BBA-E9EBA93F2C1F}.Release|Any CPU.Build.0 = Release|Any CPU
	EndGlobalSection
	GlobalSection(SolutionProperties) = preSolution
		HideSolutionNode = FALSE
	EndGlobalSection
	GlobalSection(ExtensibilityGlobals) = postSolution
		SolutionGuid = {A87791DE-9F2D-4957-9292-E40788566C0C}
	EndGlobalSection
EndGlobal
