
Microsoft Visual Studio Solution File, Format Version 12.00
# Visual Studio Version 16
VisualStudioVersion = 16.0.31911.196
MinimumVisualStudioVersion = 10.0.40219.1
Project("{FAE04EC0-301F-11D3-BF4B-00C04F79EFBC}") = "Generics2", "Generics2.csproj", "{3D95EB70-743E-4DE9-8F64-0BA8B411325C}"
EndProject
Global
	GlobalSection(SolutionConfigurationPlatforms) = preSolution
		Debug|Any CPU = Debug|Any CPU
		Release|Any CPU = Release|Any CPU
	EndGlobalSection
	GlobalSection(ProjectConfigurationPlatforms) = postSolution
		{3D95EB70-743E-4DE9-8F64-0BA8B411325C}.Debug|Any CPU.ActiveCfg = Debug|Any CPU
		{3D95EB70-743E-4DE9-8F64-0BA8B411325C}.Debug|Any CPU.Build.0 = Debug|Any CPU
		{3D95EB70-743E-4DE9-8F64-0BA8B411325C}.Release|Any CPU.ActiveCfg = Release|Any CPU
		{3D95EB70-743E-4DE9-8F64-0BA8B411325C}.Release|Any CPU.Build.0 = Release|Any CPU
	EndGlobalSection
	GlobalSection(SolutionProperties) = preSolution
		HideSolutionNode = FALSE
	EndGlobalSection
	GlobalSection(ExtensibilityGlobals) = postSolution
		SolutionGuid = {1210B282-9E8F-4B9B-BA3B-549FD7ADC2D9}
	EndGlobalSection
EndGlobal
