
Microsoft Visual Studio Solution File, Format Version 12.00
# Visual Studio Version 16
VisualStudioVersion = 16.0.32002.261
MinimumVisualStudioVersion = 10.0.40219.1
Project("{FAE04EC0-301F-11D3-BF4B-00C04F79EFBC}") = "InterFaces", "InterFaces.csproj", "{DB8B5F2D-6B4B-402E-B284-BDE9CD219AA7}"
EndProject
Global
	GlobalSection(SolutionConfigurationPlatforms) = preSolution
		Debug|Any CPU = Debug|Any CPU
		Release|Any CPU = Release|Any CPU
	EndGlobalSection
	GlobalSection(ProjectConfigurationPlatforms) = postSolution
		{DB8B5F2D-6B4B-402E-B284-BDE9CD219AA7}.Debug|Any CPU.ActiveCfg = Debug|Any CPU
		{DB8B5F2D-6B4B-402E-B284-BDE9CD219AA7}.Debug|Any CPU.Build.0 = Debug|Any CPU
		{DB8B5F2D-6B4B-402E-B284-BDE9CD219AA7}.Release|Any CPU.ActiveCfg = Release|Any CPU
		{DB8B5F2D-6B4B-402E-B284-BDE9CD219AA7}.Release|Any CPU.Build.0 = Release|Any CPU
	EndGlobalSection
	GlobalSection(SolutionProperties) = preSolution
		HideSolutionNode = FALSE
	EndGlobalSection
	GlobalSection(ExtensibilityGlobals) = postSolution
		SolutionGuid = {F2A1B392-779F-48D3-AE70-17636DE24FFC}
	EndGlobalSection
EndGlobal
